// !$*UTF8*$!
{
	archiveVersion = 1;
	classes = {
	};
	objectVersion = 50;
	objects = {

/* Begin PBXBuildFile section */
		C33D0FB22720AE6000E1FAA2 /* AppDelegate.swift in Sources */ = {isa = PBXBuildFile; fileRef = C33D0FB12720AE6000E1FAA2 /* AppDelegate.swift */; };
		C33D0FB42720AE6000E1FAA2 /* ContentView.swift in Sources */ = {isa = PBXBuildFile; fileRef = C33D0FB32720AE6000E1FAA2 /* ContentView.swift */; };
		C33D0FB62720AE6200E1FAA2 /* Assets.xcassets in Resources */ = {isa = PBXBuildFile; fileRef = C33D0FB52720AE6200E1FAA2 /* Assets.xcassets */; };
		C33D0FB92720AE6200E1FAA2 /* Preview Assets.xcassets in Resources */ = {isa = PBXBuildFile; fileRef = C33D0FB82720AE6200E1FAA2 /* Preview Assets.xcassets */; };
		C33D0FBC2720AE6200E1FAA2 /* Main.storyboard in Resources */ = {isa = PBXBuildFile; fileRef = C33D0FBA2720AE6200E1FAA2 /* Main.storyboard */; };
		C33D0FC52720AE6F00E1FAA2 /* NotchShape.swift in Sources */ = {isa = PBXBuildFile; fileRef = C33D0FC42720AE6F00E1FAA2 /* NotchShape.swift */; };
/* End PBXBuildFile section */

/* Begin PBXFileReference section */
		C33D0FAE2720AE6000E1FAA2 /* FauxNotch.app */ = {isa = PBXFileReference; explicitFileType = wrapper.application; includeInIndex = 0; path = FauxNotch.app; sourceTree = BUILT_PRODUCTS_DIR; };
		C33D0FB12720AE6000E1FAA2 /* AppDelegate.swift */ = {isa = PBXFileReference; lastKnownFileType = sourcecode.swift; path = AppDelegate.swift; sourceTree = "<group>"; };
		C33D0FB32720AE6000E1FAA2 /* ContentView.swift */ = {isa = PBXFileReference; lastKnownFileType = sourcecode.swift; path = ContentView.swift; sourceTree = "<group>"; };
		C33D0FB52720AE6200E1FAA2 /* Assets.xcassets */ = {isa = PBXFileReference; lastKnownFileType = folder.assetcatalog; path = Assets.xcassets; sourceTree = "<group>"; };
		C33D0FB82720AE6200E1FAA2 /* Preview Assets.xcassets */ = {isa = PBXFileReference; lastKnownFileType = folder.assetcatalog; path = "Preview Assets.xcassets"; sourceTree = "<group>"; };
		C33D0FBB2720AE6200E1FAA2 /* Base */ = {isa = PBXFileReference; lastKnownFileType = file.storyboard; name = Base; path = Base.lproj/Main.storyboard; sourceTree = "<group>"; };
		C33D0FBD2720AE6200E1FAA2 /* Info.plist */ = {isa = PBXFileReference; lastKnownFileType = text.plist.xml; path = Info.plist; sourceTree = "<group>"; };
		C33D0FBE2720AE6200E1FAA2 /* FauxNotch.entitlements */ = {isa = PBXFileReference; lastKnownFileType = text.plist.entitlements; path = FauxNotch.entitlements; sourceTree = "<group>"; };
		C33D0FC42720AE6F00E1FAA2 /* NotchShape.swift */ = {isa = PBXFileReference; lastKnownFileType = sourcecode.swift; path = NotchShape.swift; sourceTree = "<group>"; };
/* End PBXFileReference section */

/* Begin PBXFrameworksBuildPhase section */
		C33D0FAB2720AE6000E1FAA2 /* Frameworks */ = {
			isa = PBXFrameworksBuildPhase;
			buildActionMask = 2147483647;
			files = (
			);
			runOnlyForDeploymentPostprocessing = 0;
		};
/* End PBXFrameworksBuildPhase section */

/* Begin PBXGroup section */
		C33D0FA52720AE6000E1FAA2 = {
			isa = PBXGroup;
			children = (
				C33D0FB02720AE6000E1FAA2 /* FauxNotch */,
				C33D0FAF2720AE6000E1FAA2 /* Products */,
			);
			sourceTree = "<group>";
		};
		C33D0FAF2720AE6000E1FAA2 /* Products */ = {
			isa = PBXGroup;
			children = (
				C33D0FAE2720AE6000E1FAA2 /* FauxNotch.app */,
			);
			name = Products;
			sourceTree = "<group>";
		};
		C33D0FB02720AE6000E1FAA2 /* FauxNotch */ = {
			isa = PBXGroup;
			children = (
				C33D0FB12720AE6000E1FAA2 /* AppDelegate.swift */,
				C33D0FB32720AE6000E1FAA2 /* ContentView.swift */,
				C33D0FC42720AE6F00E1FAA2 /* NotchShape.swift */,
				C33D0FB52720AE6200E1FAA2 /* Assets.xcassets */,
				C33D0FBA2720AE6200E1FAA2 /* Main.storyboard */,
				C33D0FBD2720AE6200E1FAA2 /* Info.plist */,
				C33D0FBE2720AE6200E1FAA2 /* FauxNotch.entitlements */,
				C33D0FB72720AE6200E1FAA2 /* Preview Content */,
			);
			path = FauxNotch;
			sourceTree = "<group>";
		};
		C33D0FB72720AE6200E1FAA2 /* Preview Content */ = {
			isa = PBXGroup;
			children = (
				C33D0FB82720AE6200E1FAA2 /* Preview Assets.xcassets */,
			);
			path = "Preview Content";
			sourceTree = "<group>";
		};
/* End PBXGroup section */

/* Begin PBXNativeTarget section */
		C33D0FAD2720AE6000E1FAA2 /* FauxNotch */ = {
			isa = PBXNativeTarget;
			buildConfigurationList = C33D0FC12720AE6200E1FAA2 /* Build configuration list for PBXNativeTarget "FauxNotch" */;
			buildPhases = (
				C33D0FAA2720AE6000E1FAA2 /* Sources */,
				C33D0FAB2720AE6000E1FAA2 /* Frameworks */,
				C33D0FAC2720AE6000E1FAA2 /* Resources */,
			);
			buildRules = (
			);
			dependencies = (
			);
			name = FauxNotch;
			productName = FauxNotch;
			productReference = C33D0FAE2720AE6000E1FAA2 /* FauxNotch.app */;
			productType = "com.apple.product-type.application";
		};
/* End PBXNativeTarget section */

/* Begin PBXProject section */
		C33D0FA62720AE6000E1FAA2 /* Project object */ = {
			isa = PBXProject;
			attributes = {
				LastSwiftUpdateCheck = 1250;
				LastUpgradeCheck = 1250;
				TargetAttributes = {
					C33D0FAD2720AE6000E1FAA2 = {
						CreatedOnToolsVersion = 12.5.1;
					};
				};
			};
			buildConfigurationList = C33D0FA92720AE6000E1FAA2 /* Build configuration list for PBXProject "FauxNotch" */;
			compatibilityVersion = "Xcode 9.3";
			developmentRegion = en;
			hasScannedForEncodings = 0;
			knownRegions = (
				en,
				Base,
			);
			mainGroup = C33D0FA52720AE6000E1FAA2;
			productRefGroup = C33D0FAF2720AE6000E1FAA2 /* Products */;
			projectDirPath = "";
			projectRoot = "";
			targets = (
				C33D0FAD2720AE6000E1FAA2 /* FauxNotch */,
			);
		};
/* End PBXProject section */

/* Begin PBXResourcesBuildPhase section */
		C33D0FAC2720AE6000E1FAA2 /* Resources */ = {
			isa = PBXResourcesBuildPhase;
			buildActionMask = 2147483647;
			files = (
				C33D0FBC2720AE6200E1FAA2 /* Main.storyboard in Resources */,
				C33D0FB92720AE6200E1FAA2 /* Preview Assets.xcassets in Resources */,
				C33D0FB62720AE6200E1FAA2 /* Assets.xcassets in Resources */,
			);
			runOnlyForDeploymentPostprocessing = 0;
		};
/* End PBXResourcesBuildPhase section */

/* Begin PBXSourcesBuildPhase section */
		C33D0FAA2720AE6000E1FAA2 /* Sources */ = {
			isa = PBXSourcesBuildPhase;
			buildActionMask = 2147483647;
			files = (
				C33D0FB42720AE6000E1FAA2 /* ContentView.swift in Sources */,
				C33D0FC52720AE6F00E1FAA2 /* NotchShape.swift in Sources */,
				C33D0FB22720AE6000E1FAA2 /* AppDelegate.swift in Sources */,
			);
			runOnlyForDeploymentPostprocessing = 0;
		};
/* End PBXSourcesBuildPhase section */

/* Begin PBXVariantGroup section */
		C33D0FBA2720AE6200E1FAA2 /* Main.storyboard */ = {
			isa = PBXVariantGroup;
			children = (
				C33D0FBB2720AE6200E1FAA2 /* Base */,
			);
			name = Main.storyboard;
			sourceTree = "<group>";
		};
/* End PBXVariantGroup section */

/* Begin XCBuildConfiguration section */
		C33D0FBF2720AE6200E1FAA2 /* Debug */ = {
			isa = XCBuildConfiguration;
			buildSettings = {
				ALWAYS_SEARCH_USER_PATHS = NO;
				CLANG_ANALYZER_NONNULL = YES;
				CLANG_ANALYZER_NUMBER_OBJECT_CONVERSION = YES_AGGRESSIVE;
				CLANG_CXX_LANGUAGE_STANDARD = "gnu++14";
				CLANG_CXX_LIBRARY = "libc++";
				CLANG_ENABLE_MODULES = YES;
				CLANG_ENABLE_OBJC_ARC = YES;
				CLANG_ENABLE_OBJC_WEAK = YES;
				CLANG_WARN_BLOCK_CAPTURE_AUTORELEASING = YES;
				CLANG_WARN_BOOL_CONVERSION = YES;
				CLANG_WARN_COMMA = YES;
				CLANG_WARN_CONSTANT_CONVERSION = YES;
				CLANG_WARN_DEPRECATED_OBJC_IMPLEMENTATIONS = YES;
				CLANG_WARN_DIRECT_OBJC_ISA_USAGE = YES_ERROR;
				CLANG_WARN_DOCUMENTATION_COMMENTS = YES;
				CLANG_WARN_EMPTY_BODY = YES;
				CLANG_WARN_ENUM_CONVERSION = YES;
				CLANG_WARN_INFINITE_RECURSION = YES;
				CLANG_WARN_INT_CONVERSION = YES;
				CLANG_WARN_NON_LITERAL_NULL_CONVERSION = YES;
				CLANG_WARN_OBJC_IMPLICIT_RETAIN_SELF = YES;
				CLANG_WARN_OBJC_LITERAL_CONVERSION = YES;
				CLANG_WARN_OBJC_ROOT_CLASS = YES_ERROR;
				CLANG_WARN_QUOTED_INCLUDE_IN_FRAMEWORK_HEADER = YES;
				CLANG_WARN_RANGE_LOOP_ANALYSIS = YES;
				CLANG_WARN_STRICT_PROTOTYPES = YES;
				CLANG_WARN_SUSPICIOUS_MOVE = YES;
				CLANG_WARN_UNGUARDED_AVAILABILITY = YES_AGGRESSIVE;
				CLANG_WARN_UNREACHABLE_CODE = YES;
				CLANG_WARN__DUPLICATE_METHOD_MATCH = YES;
				COPY_PHASE_STRIP = NO;
				DEBUG_INFORMATION_FORMAT = dwarf;
				ENABLE_STRICT_OBJC_MSGSEND = YES;
				ENABLE_TESTABILITY = YES;
				GCC_C_LANGUAGE_STANDARD = gnu11;
				GCC_DYNAMIC_NO_PIC = NO;
				GCC_NO_COMMON_BLOCKS = YES;
				GCC_OPTIMIZATION_LEVEL = 0;
				GCC_PREPROCESSOR_DEFINITIONS = (
					"DEBUG=1",
					"$(inherited)",
				);
				GCC_WARN_64_TO_32_BIT_CONVERSION = YES;
				GCC_WARN_ABOUT_RETURN_TYPE = YES_ERROR;
				GCC_WARN_UNDECLARED_SELECTOR = YES;
				GCC_WARN_UNINITIALIZED_AUTOS = YES_AGGRESSIVE;
				GCC_WARN_UNUSED_FUNCTION = YES;
				GCC_WARN_UNUSED_VARIABLE = YES;
				MACOSX_DEPLOYMENT_TARGET = 11.3;
				MTL_ENABLE_DEBUG_INFO = INCLUDE_SOURCE;
				MTL_FAST_MATH = YES;
				ONLY_ACTIVE_ARCH = YES;
				SDKROOT = macosx;
				SWIFT_ACTIVE_COMPILATION_CONDITIONS = DEBUG;
				SWIFT_OPTIMIZATION_LEVEL = "-Onone";
			};
			name = Debug;
		};
		C33D0FC02720AE6200E1FAA2 /* Release */ = {
			isa = XCBuildConfiguration;
			buildSettings = {
				ALWAYS_SEARCH_USER_PATHS = NO;
				CLANG_ANALYZER_NONNULL = YES;
				CLANG_ANALYZER_NUMBER_OBJECT_CONVERSION = YES_AGGRESSIVE;
				CLANG_CXX_LANGUAGE_STANDARD = "gnu++14";
				CLANG_CXX_LIBRARY = "libc++";
				CLANG_ENABLE_MODULES = YES;
				CLANG_ENABLE_OBJC_ARC = YES;
				CLANG_ENABLE_OBJC_WEAK = YES;
				CLANG_WARN_BLOCK_CAPTURE_AUTORELEASING = YES;
				CLANG_WARN_BOOL_CONVERSION = YES;
				CLANG_WARN_COMMA = YES;
				CLANG_WARN_CONSTANT_CONVERSION = YES;
				CLANG_WARN_DEPRECATED_OBJC_IMPLEMENTATIONS = YES;
				CLANG_WARN_DIRECT_OBJC_ISA_USAGE = YES_ERROR;
				CLANG_WARN_DOCUMENTATION_COMMENTS = YES;
				CLANG_WARN_EMPTY_BODY = YES;
				CLANG_WARN_ENUM_CONVERSION = YES;
				CLANG_WARN_INFINITE_RECURSION = YES;
				CLANG_WARN_INT_CONVERSION = YES;
				CLANG_WARN_NON_LITERAL_NULL_CONVERSION = YES;
				CLANG_WARN_OBJC_IMPLICIT_RETAIN_SELF = YES;
				CLANG_WARN_OBJC_LITERAL_CONVERSION = YES;
				CLANG_WARN_OBJC_ROOT_CLASS = YES_ERROR;
				CLANG_WARN_QUOTED_INCLUDE_IN_FRAMEWORK_HEADER = YES;
				CLANG_WARN_RANGE_LOOP_ANALYSIS = YES;
				CLANG_WARN_STRICT_PROTOTYPES = YES;
				CLANG_WARN_SUSPICIOUS_MOVE = YES;
				CLANG_WARN_UNGUARDED_AVAILABILITY = YES_AGGRESSIVE;
				CLANG_WARN_UNREACHABLE_CODE = YES;
				CLANG_WARN__DUPLICATE_METHOD_MATCH = YES;
				COPY_PHASE_STRIP = NO;
				DEBUG_INFORMATION_FORMAT = "dwarf-with-dsym";
				ENABLE_NS_ASSERTIONS = NO;
				ENABLE_STRICT_OBJC_MSGSEND = YES;
				GCC_C_LANGUAGE_STANDARD = gnu11;
				GCC_NO_COMMON_BLOCKS = YES;
				GCC_WARN_64_TO_32_BIT_CONVERSION = YES;
				GCC_WARN_ABOUT_RETURN_TYPE = YES_ERROR;
				GCC_WARN_UNDECLARED_SELECTOR = YES;
				GCC_WARN_UNINITIALIZED_AUTOS = YES_AGGRESSIVE;
				GCC_WARN_UNUSED_FUNCTION = YES;
				GCC_WARN_UNUSED_VARIABLE = YES;
				MACOSX_DEPLOYMENT_TARGET = 11.3;
				MTL_ENABLE_DEBUG_INFO = NO;
				MTL_FAST_MATH = YES;
				SDKROOT = macosx;
				SWIFT_COMPILATION_MODE = wholemodule;
				SWIFT_OPTIMIZATION_LEVEL = "-O";
			};
			name = Release;
		};
		C33D0FC22720AE6200E1FAA2 /* Debug */ = {
			isa = XCBuildConfiguration;
			buildSettings = {
				ASSETCATALOG_COMPILER_APPICON_NAME = AppIcon;
				ASSETCATALOG_COMPILER_GLOBAL_ACCENT_COLOR_NAME = AccentColor;
				CODE_SIGN_ENTITLEMENTS = FauxNotch/FauxNotch.entitlements;
				CODE_SIGN_STYLE = Automatic;
				COMBINE_HIDPI_IMAGES = YES;
				DEVELOPMENT_ASSET_PATHS = "\"FauxNotch/Preview Content\"";
				DEVELOPMENT_TEAM = AE76EV48ND;
				ENABLE_HARDENED_RUNTIME = YES;
				ENABLE_PREVIEWS = YES;
				INFOPLIST_FILE = FauxNotch/Info.plist;
				LD_RUNPATH_SEARCH_PATHS = (
					"$(inherited)",
					"@executable_path/../Frameworks",
				);
				MACOSX_DEPLOYMENT_TARGET = 10.15;
				PRODUCT_BUNDLE_IDENTIFIER = tannr.FauxNotch;
				PRODUCT_NAME = "$(TARGET_NAME)";
				SWIFT_VERSION = 5.0;
			};
			name = Debug;
		};
		C33D0FC32720AE6200E1FAA2 /* Release */ = {
			isa = XCBuildConfiguration;
			buildSettings = {
				ASSETCATALOG_COMPILER_APPICON_NAME = AppIcon;
				ASSETCATALOG_COMPILER_GLOBAL_ACCENT_COLOR_NAME = AccentColor;
				CODE_SIGN_ENTITLEMENTS = FauxNotch/FauxNotch.entitlements;
				CODE_SIGN_STYLE = Automatic;
				COMBINE_HIDPI_IMAGES = YES;
				DEVELOPMENT_ASSET_PATHS = "\"FauxNotch/Preview Content\"";
				DEVELOPMENT_TEAM = AE76EV48ND;
				ENABLE_HARDENED_RUNTIME = YES;
				ENABLE_PREVIEWS = YES;
				INFOPLIST_FILE = FauxNotch/Info.plist;
				LD_RUNPATH_SEARCH_PATHS = (
					"$(inherited)",
					"@executable_path/../Frameworks",
				);
				MACOSX_DEPLOYMENT_TARGET = 10.15;
				PRODUCT_BUNDLE_IDENTIFIER = tannr.FauxNotch;
				PRODUCT_NAME = "$(TARGET_NAME)";
				SWIFT_VERSION = 5.0;
			};
			name = Release;
		};
/* End XCBuildConfiguration section */

/* Begin XCConfigurationList section */
		C33D0FA92720AE6000E1FAA2 /* Build configuration list for PBXProject "FauxNotch" */ = {
			isa = XCConfigurationList;
			buildConfigurations = (
				C33D0FBF2720AE6200E1FAA2 /* Debug */,
				C33D0FC02720AE6200E1FAA2 /* Release */,
			);
			defaultConfigurationIsVisible = 0;
			defaultConfigurationName = Release;
		};
		C33D0FC12720AE6200E1FAA2 /* Build configuration list for PBXNativeTarget "FauxNotch" */ = {
			isa = XCConfigurationList;
			buildConfigurations = (
				C33D0FC22720AE6200E1FAA2 /* Debug */,
				C33D0FC32720AE6200E1FAA2 /* Release */,
			);
			defaultConfigurationIsVisible = 0;
			defaultConfigurationName = Release;
		};
/* End XCConfigurationList section */
	};
	rootObject = C33D0FA62720AE6000E1FAA2 /* Project object */;
}
